
Microsoft Visual Studio Solution File, Format Version 12.00
# Visual Studio Version 17
VisualStudioVersion = 17.0.32112.339
MinimumVisualStudioVersion = 10.0.40219.1
Project("{9A19103F-16F7-4668-BE54-9A1E7A4F7556}") = "AStar", "AStar.csproj", "{4D569C87-175E-4289-94DB-F5C33489E8C9}"
EndProject
Project("{2150E333-8FDC-42A3-9474-1A3956D46DE8}") = "Solution Items", "Solution Items", "{0AD297DE-F885-4141-AA40-BB8246C20375}"
EndProject
Project("{9A19103F-16F7-4668-BE54-9A1E7A4F7556}") = "AStarTests", "..\AStarTests\AStarTests.csproj", "{3D73B5D9-C520-41C6-A8F3-648EABB3F042}"
EndProject
Project("{9A19103F-16F7-4668-BE54-9A1E7A4F7556}") = "NicUtils", "..\..\..\csharp_projects\NicUtils\NicUtils.csproj", "{B60B19F0-02C6-467D-95F3-4E7A7D63B0E8}"
EndProject
Global
	GlobalSection(SolutionConfigurationPlatforms) = preSolution
		Debug|Any CPU = Debug|Any CPU
		Release|Any CPU = Release|Any CPU
	EndGlobalSection
	GlobalSection(ProjectConfigurationPlatforms) = postSolution
		{4D569C87-175E-4289-94DB-F5C33489E8C9}.Debug|Any CPU.ActiveCfg = Debug|Any CPU
		{4D569C87-175E-4289-94DB-F5C33489E8C9}.Debug|Any CPU.Build.0 = Debug|Any CPU
		{4D569C87-175E-4289-94DB-F5C33489E8C9}.Release|Any CPU.ActiveCfg = Release|Any CPU
		{4D569C87-175E-4289-94DB-F5C33489E8C9}.Release|Any CPU.Build.0 = Release|Any CPU
		{3D73B5D9-C520-41C6-A8F3-648EABB3F042}.Debug|Any CPU.ActiveCfg = Debug|Any CPU
		{3D73B5D9-C520-41C6-A8F3-648EABB3F042}.Debug|Any CPU.Build.0 = Debug|Any CPU
		{3D73B5D9-C520-41C6-A8F3-648EABB3F042}.Release|Any CPU.ActiveCfg = Release|Any CPU
		{3D73B5D9-C520-41C6-A8F3-648EABB3F042}.Release|Any CPU.Build.0 = Release|Any CPU
		{B60B19F0-02C6-467D-95F3-4E7A7D63B0E8}.Debug|Any CPU.ActiveCfg = Debug|Any CPU
		{B60B19F0-02C6-467D-95F3-4E7A7D63B0E8}.Debug|Any CPU.Build.0 = Debug|Any CPU
		{B60B19F0-02C6-467D-95F3-4E7A7D63B0E8}.Release|Any CPU.ActiveCfg = Release|Any CPU
		{B60B19F0-02C6-467D-95F3-4E7A7D63B0E8}.Release|Any CPU.Build.0 = Release|Any CPU
	EndGlobalSection
	GlobalSection(SolutionProperties) = preSolution
		HideSolutionNode = FALSE
	EndGlobalSection
	GlobalSection(ExtensibilityGlobals) = postSolution
		SolutionGuid = {783799C3-9C3C-4D23-80A9-4DA70D1A094A}
	EndGlobalSection
EndGlobal
